<?xml version="1.0" encoding="UTF-8" standalone="yes" ?>
<CodeBlocks_project_file>
	<FileVersion major="1" minor="6" />
	<Project>
		<Option title="exemplos" />
		<Option pch_mode="2" />
		<Option compiler="raylib_mingw_compiler" />
		<Build>
			<Target title="EX0">
				<Option output="bin/EX0/exemplo0" prefix_auto="1" extension_auto="1" />
				<Option object_output="obj/EX0/" />
				<Option type="1" />
				<Option compiler="raylib_mingw_compiler" />
			</Target>
			<Target title="EX1">
				<Option output="bin/EX1/exemplo1" prefix_auto="1" extension_auto="1" />
				<Option object_output="obj/EX1/" />
				<Option type="1" />
				<Option compiler="raylib_mingw_compiler" />
			</Target>
			<Target title="EXN">
				<Option output="bin/EXN/exemploN" prefix_auto="1" extension_auto="1" />
				<Option object_output="obj/EXN/" />
				<Option type="1" />
				<Option compiler="raylib_mingw_compiler" />
			</Target>
		</Build>
		<Compiler>
			<Add option="-Wall" />
			<Add option="-g" />
			<Add option="-Wall -std=c99" />
			<Add directory="C:/raylib/mingw/i686-w64-mingw32/include" />
		</Compiler>
		<Linker>
			<Add option="-lraylib -lopengl32 -lgdi32 -lwinmm" />
			<Add directory="C:/raylib/mingw/i686-w64-mingw32/lib" />
		</Linker>
		<Unit filename="ex0.c">
			<Option compilerVar="CC" />
			<Option target="EX0" />
		</Unit>
		<Unit filename="ex1.c">
			<Option compilerVar="CC" />
			<Option target="EX1" />
		</Unit>
		<Unit filename="exN.c">
			<Option compilerVar="CC" />
			<Option target="EXN" />
		</Unit>
		<Unit filename="helpers.h">
			<Option target="EXN" />
		</Unit>
		<Extensions>
			<code_completion />
			<envvars />
			<debugger />
			<lib_finder disable_auto="1" />
		</Extensions>
	</Project>
</CodeBlocks_project_file>
